
Microsoft Visual Studio Solution File, Format Version 12.00
# Visual Studio Version 17
VisualStudioVersion = 17.6.33815.320
MinimumVisualStudioVersion = 10.0.40219.1
Project("{FAE04EC0-301F-11D3-BF4B-00C04F79EFBC}") = "GitApp", "GitApp\GitApp.csproj", "{FB0D8996-D9BE-4D18-8C6B-8F676E2056CA}"
EndProject
Global
	GlobalSection(SolutionConfigurationPlatforms) = preSolution
		Debug|Any CPU = Debug|Any CPU
		Release|Any CPU = Release|Any CPU
	EndGlobalSection
	GlobalSection(ProjectConfigurationPlatforms) = postSolution
		{FB0D8996-D9BE-4D18-8C6B-8F676E2056CA}.Debug|Any CPU.ActiveCfg = Debug|Any CPU
		{FB0D8996-D9BE-4D18-8C6B-8F676E2056CA}.Debug|Any CPU.Build.0 = Debug|Any CPU
		{FB0D8996-D9BE-4D18-8C6B-8F676E2056CA}.Release|Any CPU.ActiveCfg = Release|Any CPU
		{FB0D8996-D9BE-4D18-8C6B-8F676E2056CA}.Release|Any CPU.Build.0 = Release|Any CPU
	EndGlobalSection
	GlobalSection(SolutionProperties) = preSolution
		HideSolutionNode = FALSE
	EndGlobalSection
	GlobalSection(ExtensibilityGlobals) = postSolution
		SolutionGuid = {97DB32B2-6BDE-438F-BBA7-90F470662DD6}
	EndGlobalSection
EndGlobal
